
Microsoft Visual Studio Solution File, Format Version 12.00
# Visual Studio Version 17
VisualStudioVersion = 17.9.34407.89
MinimumVisualStudioVersion = 10.0.40219.1
Project("{FAE04EC0-301F-11D3-BF4B-00C04F79EFBC}") = "Support.Api", "Support.Api\Support.Api.csproj", "{DFF9CD7D-3E2B-44AD-8739-D50E46739A8F}"
EndProject
Global
	GlobalSection(SolutionConfigurationPlatforms) = preSolution
		Debug|Any CPU = Debug|Any CPU
		Release|Any CPU = Release|Any CPU
	EndGlobalSection
	GlobalSection(ProjectConfigurationPlatforms) = postSolution
		{DFF9CD7D-3E2B-44AD-8739-D50E46739A8F}.Debug|Any CPU.ActiveCfg = Debug|Any CPU
		{DFF9CD7D-3E2B-44AD-8739-D50E46739A8F}.Debug|Any CPU.Build.0 = Debug|Any CPU
		{DFF9CD7D-3E2B-44AD-8739-D50E46739A8F}.Release|Any CPU.ActiveCfg = Release|Any CPU
		{DFF9CD7D-3E2B-44AD-8739-D50E46739A8F}.Release|Any CPU.Build.0 = Release|Any CPU
	EndGlobalSection
	GlobalSection(SolutionProperties) = preSolution
		HideSolutionNode = FALSE
	EndGlobalSection
	GlobalSection(ExtensibilityGlobals) = postSolution
		SolutionGuid = {9AE09BF1-0679-48E3-8F97-E8026D5DD3C1}
	EndGlobalSection
EndGlobal
